// !$*UTF8*$!
{
	archiveVersion = 1;
	classes = {
	};
	objectVersion = 50;
	objects = {

/* Begin PBXBuildFile section */
		67A58988241277DA00E6EB86 /* AppDelegate.swift in Sources */ = {isa = PBXBuildFile; fileRef = 67A58987241277DA00E6EB86 /* AppDelegate.swift */; };
		67A5898A241277DA00E6EB86 /* SceneDelegate.swift in Sources */ = {isa = PBXBuildFile; fileRef = 67A58989241277DA00E6EB86 /* SceneDelegate.swift */; };
		67A5898C241277DA00E6EB86 /* ContentView.swift in Sources */ = {isa = PBXBuildFile; fileRef = 67A5898B241277DA00E6EB86 /* ContentView.swift */; };
		67A5898E241277DB00E6EB86 /* Assets.xcassets in Resources */ = {isa = PBXBuildFile; fileRef = 67A5898D241277DB00E6EB86 /* Assets.xcassets */; };
		67A58991241277DB00E6EB86 /* Preview Assets.xcassets in Resources */ = {isa = PBXBuildFile; fileRef = 67A58990241277DB00E6EB86 /* Preview Assets.xcassets */; };
		67A58994241277DB00E6EB86 /* LaunchScreen.storyboard in Resources */ = {isa = PBXBuildFile; fileRef = 67A58992241277DB00E6EB86 /* LaunchScreen.storyboard */; };
		67A5899F241277DC00E6EB86 /* SwiftUITestTests.swift in Sources */ = {isa = PBXBuildFile; fileRef = 67A5899E241277DC00E6EB86 /* SwiftUITestTests.swift */; };
		67A589AA241277DC00E6EB86 /* SwiftUITestUITests.swift in Sources */ = {isa = PBXBuildFile; fileRef = 67A589A9241277DC00E6EB86 /* SwiftUITestUITests.swift */; };
		67A589B82412798C00E6EB86 /* Squirrel.swift in Sources */ = {isa = PBXBuildFile; fileRef = 67A589B72412798C00E6EB86 /* Squirrel.swift */; };
		67A589BA24127F0000E6EB86 /* SquirrelItem.swift in Sources */ = {isa = PBXBuildFile; fileRef = 67A589B924127F0000E6EB86 /* SquirrelItem.swift */; };
		67A589BC2412AF6000E6EB86 /* SquirrelList.swift in Sources */ = {isa = PBXBuildFile; fileRef = 67A589BB2412AF6000E6EB86 /* SquirrelList.swift */; };
		67A589BE2413264800E6EB86 /* SquirrelDetail.swift in Sources */ = {isa = PBXBuildFile; fileRef = 67A589BD2413264800E6EB86 /* SquirrelDetail.swift */; };
/* End PBXBuildFile section */

/* Begin PBXContainerItemProxy section */
		67A5899B241277DC00E6EB86 /* PBXContainerItemProxy */ = {
			isa = PBXContainerItemProxy;
			containerPortal = 67A5897C241277DA00E6EB86 /* Project object */;
			proxyType = 1;
			remoteGlobalIDString = 67A58983241277DA00E6EB86;
			remoteInfo = SwiftUITest;
		};
		67A589A6241277DC00E6EB86 /* PBXContainerItemProxy */ = {
			isa = PBXContainerItemProxy;
			containerPortal = 67A5897C241277DA00E6EB86 /* Project object */;
			proxyType = 1;
			remoteGlobalIDString = 67A58983241277DA00E6EB86;
			remoteInfo = SwiftUITest;
		};
/* End PBXContainerItemProxy section */

/* Begin PBXFileReference section */
		67A58984241277DA00E6EB86 /* SwiftUITest.app */ = {isa = PBXFileReference; explicitFileType = wrapper.application; includeInIndex = 0; path = SwiftUITest.app; sourceTree = BUILT_PRODUCTS_DIR; };
		67A58987241277DA00E6EB86 /* AppDelegate.swift */ = {isa = PBXFileReference; lastKnownFileType = sourcecode.swift; path = AppDelegate.swift; sourceTree = "<group>"; };
		67A58989241277DA00E6EB86 /* SceneDelegate.swift */ = {isa = PBXFileReference; lastKnownFileType = sourcecode.swift; path = SceneDelegate.swift; sourceTree = "<group>"; };
		67A5898B241277DA00E6EB86 /* ContentView.swift */ = {isa = PBXFileReference; lastKnownFileType = sourcecode.swift; path = ContentView.swift; sourceTree = "<group>"; };
		67A5898D241277DB00E6EB86 /* Assets.xcassets */ = {isa = PBXFileReference; lastKnownFileType = folder.assetcatalog; path = Assets.xcassets; sourceTree = "<group>"; };
		67A58990241277DB00E6EB86 /* Preview Assets.xcassets */ = {isa = PBXFileReference; lastKnownFileType = folder.assetcatalog; path = "Preview Assets.xcassets"; sourceTree = "<group>"; };
		67A58993241277DB00E6EB86 /* Base */ = {isa = PBXFileReference; lastKnownFileType = file.storyboard; name = Base; path = Base.lproj/LaunchScreen.storyboard; sourceTree = "<group>"; };
		67A58995241277DB00E6EB86 /* Info.plist */ = {isa = PBXFileReference; lastKnownFileType = text.plist.xml; path = Info.plist; sourceTree = "<group>"; };
		67A5899A241277DB00E6EB86 /* SwiftUITestTests.xctest */ = {isa = PBXFileReference; explicitFileType = wrapper.cfbundle; includeInIndex = 0; path = SwiftUITestTests.xctest; sourceTree = BUILT_PRODUCTS_DIR; };
		67A5899E241277DC00E6EB86 /* SwiftUITestTests.swift */ = {isa = PBXFileReference; lastKnownFileType = sourcecode.swift; path = SwiftUITestTests.swift; sourceTree = "<group>"; };
		67A589A0241277DC00E6EB86 /* Info.plist */ = {isa = PBXFileReference; lastKnownFileType = text.plist.xml; path = Info.plist; sourceTree = "<group>"; };
		67A589A5241277DC00E6EB86 /* SwiftUITestUITests.xctest */ = {isa = PBXFileReference; explicitFileType = wrapper.cfbundle; includeInIndex = 0; path = SwiftUITestUITests.xctest; sourceTree = BUILT_PRODUCTS_DIR; };
		67A589A9241277DC00E6EB86 /* SwiftUITestUITests.swift */ = {isa = PBXFileReference; lastKnownFileType = sourcecode.swift; path = SwiftUITestUITests.swift; sourceTree = "<group>"; };
		67A589AB241277DC00E6EB86 /* Info.plist */ = {isa = PBXFileReference; lastKnownFileType = text.plist.xml; path = Info.plist; sourceTree = "<group>"; };
		67A589B72412798C00E6EB86 /* Squirrel.swift */ = {isa = PBXFileReference; lastKnownFileType = sourcecode.swift; path = Squirrel.swift; sourceTree = "<group>"; };
		67A589B924127F0000E6EB86 /* SquirrelItem.swift */ = {isa = PBXFileReference; lastKnownFileType = sourcecode.swift; path = SquirrelItem.swift; sourceTree = "<group>"; };
		67A589BB2412AF6000E6EB86 /* SquirrelList.swift */ = {isa = PBXFileReference; lastKnownFileType = sourcecode.swift; path = SquirrelList.swift; sourceTree = "<group>"; };
		67A589BD2413264800E6EB86 /* SquirrelDetail.swift */ = {isa = PBXFileReference; lastKnownFileType = sourcecode.swift; path = SquirrelDetail.swift; sourceTree = "<group>"; };
/* End PBXFileReference section */

/* Begin PBXFrameworksBuildPhase section */
		67A58981241277DA00E6EB86 /* Frameworks */ = {
			isa = PBXFrameworksBuildPhase;
			buildActionMask = 2147483647;
			files = (
			);
			runOnlyForDeploymentPostprocessing = 0;
		};
		67A58997241277DB00E6EB86 /* Frameworks */ = {
			isa = PBXFrameworksBuildPhase;
			buildActionMask = 2147483647;
			files = (
			);
			runOnlyForDeploymentPostprocessing = 0;
		};
		67A589A2241277DC00E6EB86 /* Frameworks */ = {
			isa = PBXFrameworksBuildPhase;
			buildActionMask = 2147483647;
			files = (
			);
			runOnlyForDeploymentPostprocessing = 0;
		};
/* End PBXFrameworksBuildPhase section */

/* Begin PBXGroup section */
		67A5897B241277DA00E6EB86 = {
			isa = PBXGroup;
			children = (
				67A58986241277DA00E6EB86 /* SwiftUITest */,
				67A5899D241277DC00E6EB86 /* SwiftUITestTests */,
				67A589A8241277DC00E6EB86 /* SwiftUITestUITests */,
				67A58985241277DA00E6EB86 /* Products */,
			);
			sourceTree = "<group>";
		};
		67A58985241277DA00E6EB86 /* Products */ = {
			isa = PBXGroup;
			children = (
				67A58984241277DA00E6EB86 /* SwiftUITest.app */,
				67A5899A241277DB00E6EB86 /* SwiftUITestTests.xctest */,
				67A589A5241277DC00E6EB86 /* SwiftUITestUITests.xctest */,
			);
			name = Products;
			sourceTree = "<group>";
		};
		67A58986241277DA00E6EB86 /* SwiftUITest */ = {
			isa = PBXGroup;
			children = (
				67A58987241277DA00E6EB86 /* AppDelegate.swift */,
				67A58989241277DA00E6EB86 /* SceneDelegate.swift */,
				67A5898B241277DA00E6EB86 /* ContentView.swift */,
				67A589B72412798C00E6EB86 /* Squirrel.swift */,
				67A589B924127F0000E6EB86 /* SquirrelItem.swift */,
				67A589BB2412AF6000E6EB86 /* SquirrelList.swift */,
				67A589BD2413264800E6EB86 /* SquirrelDetail.swift */,
				67A5898D241277DB00E6EB86 /* Assets.xcassets */,
				67A58992241277DB00E6EB86 /* LaunchScreen.storyboard */,
				67A58995241277DB00E6EB86 /* Info.plist */,
				67A5898F241277DB00E6EB86 /* Preview Content */,
			);
			path = SwiftUITest;
			sourceTree = "<group>";
		};
		67A5898F241277DB00E6EB86 /* Preview Content */ = {
			isa = PBXGroup;
			children = (
				67A58990241277DB00E6EB86 /* Preview Assets.xcassets */,
			);
			path = "Preview Content";
			sourceTree = "<group>";
		};
		67A5899D241277DC00E6EB86 /* SwiftUITestTests */ = {
			isa = PBXGroup;
			children = (
				67A5899E241277DC00E6EB86 /* SwiftUITestTests.swift */,
				67A589A0241277DC00E6EB86 /* Info.plist */,
			);
			path = SwiftUITestTests;
			sourceTree = "<group>";
		};
		67A589A8241277DC00E6EB86 /* SwiftUITestUITests */ = {
			isa = PBXGroup;
			children = (
				67A589A9241277DC00E6EB86 /* SwiftUITestUITests.swift */,
				67A589AB241277DC00E6EB86 /* Info.plist */,
			);
			path = SwiftUITestUITests;
			sourceTree = "<group>";
		};
/* End PBXGroup section */

/* Begin PBXNativeTarget section */
		67A58983241277DA00E6EB86 /* SwiftUITest */ = {
			isa = PBXNativeTarget;
			buildConfigurationList = 67A589AE241277DC00E6EB86 /* Build configuration list for PBXNativeTarget "SwiftUITest" */;
			buildPhases = (
				67A58980241277DA00E6EB86 /* Sources */,
				67A58981241277DA00E6EB86 /* Frameworks */,
				67A58982241277DA00E6EB86 /* Resources */,
			);
			buildRules = (
			);
			dependencies = (
			);
			name = SwiftUITest;
			productName = SwiftUITest;
			productReference = 67A58984241277DA00E6EB86 /* SwiftUITest.app */;
			productType = "com.apple.product-type.application";
		};
		67A58999241277DB00E6EB86 /* SwiftUITestTests */ = {
			isa = PBXNativeTarget;
			buildConfigurationList = 67A589B1241277DC00E6EB86 /* Build configuration list for PBXNativeTarget "SwiftUITestTests" */;
			buildPhases = (
				67A58996241277DB00E6EB86 /* Sources */,
				67A58997241277DB00E6EB86 /* Frameworks */,
				67A58998241277DB00E6EB86 /* Resources */,
			);
			buildRules = (
			);
			dependencies = (
				67A5899C241277DC00E6EB86 /* PBXTargetDependency */,
			);
			name = SwiftUITestTests;
			productName = SwiftUITestTests;
			productReference = 67A5899A241277DB00E6EB86 /* SwiftUITestTests.xctest */;
			productType = "com.apple.product-type.bundle.unit-test";
		};
		67A589A4241277DC00E6EB86 /* SwiftUITestUITests */ = {
			isa = PBXNativeTarget;
			buildConfigurationList = 67A589B4241277DC00E6EB86 /* Build configuration list for PBXNativeTarget "SwiftUITestUITests" */;
			buildPhases = (
				67A589A1241277DC00E6EB86 /* Sources */,
				67A589A2241277DC00E6EB86 /* Frameworks */,
				67A589A3241277DC00E6EB86 /* Resources */,
			);
			buildRules = (
			);
			dependencies = (
				67A589A7241277DC00E6EB86 /* PBXTargetDependency */,
			);
			name = SwiftUITestUITests;
			productName = SwiftUITestUITests;
			productReference = 67A589A5241277DC00E6EB86 /* SwiftUITestUITests.xctest */;
			productType = "com.apple.product-type.bundle.ui-testing";
		};
/* End PBXNativeTarget section */

/* Begin PBXProject section */
		67A5897C241277DA00E6EB86 /* Project object */ = {
			isa = PBXProject;
			attributes = {
				LastSwiftUpdateCheck = 1130;
				LastUpgradeCheck = 1130;
				ORGANIZATIONNAME = fukase;
				TargetAttributes = {
					67A58983241277DA00E6EB86 = {
						CreatedOnToolsVersion = 11.3;
					};
					67A58999241277DB00E6EB86 = {
						CreatedOnToolsVersion = 11.3;
						TestTargetID = 67A58983241277DA00E6EB86;
					};
					67A589A4241277DC00E6EB86 = {
						CreatedOnToolsVersion = 11.3;
						TestTargetID = 67A58983241277DA00E6EB86;
					};
				};
			};
			buildConfigurationList = 67A5897F241277DA00E6EB86 /* Build configuration list for PBXProject "SwiftUITest" */;
			compatibilityVersion = "Xcode 9.3";
			developmentRegion = en;
			hasScannedForEncodings = 0;
			knownRegions = (
				en,
				Base,
			);
			mainGroup = 67A5897B241277DA00E6EB86;
			productRefGroup = 67A58985241277DA00E6EB86 /* Products */;
			projectDirPath = "";
			projectRoot = "";
			targets = (
				67A58983241277DA00E6EB86 /* SwiftUITest */,
				67A58999241277DB00E6EB86 /* SwiftUITestTests */,
				67A589A4241277DC00E6EB86 /* SwiftUITestUITests */,
			);
		};
/* End PBXProject section */

/* Begin PBXResourcesBuildPhase section */
		67A58982241277DA00E6EB86 /* Resources */ = {
			isa = PBXResourcesBuildPhase;
			buildActionMask = 2147483647;
			files = (
				67A58994241277DB00E6EB86 /* LaunchScreen.storyboard in Resources */,
				67A58991241277DB00E6EB86 /* Preview Assets.xcassets in Resources */,
				67A5898E241277DB00E6EB86 /* Assets.xcassets in Resources */,
			);
			runOnlyForDeploymentPostprocessing = 0;
		};
		67A58998241277DB00E6EB86 /* Resources */ = {
			isa = PBXResourcesBuildPhase;
			buildActionMask = 2147483647;
			files = (
			);
			runOnlyForDeploymentPostprocessing = 0;
		};
		67A589A3241277DC00E6EB86 /* Resources */ = {
			isa = PBXResourcesBuildPhase;
			buildActionMask = 2147483647;
			files = (
			);
			runOnlyForDeploymentPostprocessing = 0;
		};
/* End PBXResourcesBuildPhase section */

/* Begin PBXSourcesBuildPhase section */
		67A58980241277DA00E6EB86 /* Sources */ = {
			isa = PBXSourcesBuildPhase;
			buildActionMask = 2147483647;
			files = (
				67A589BE2413264800E6EB86 /* SquirrelDetail.swift in Sources */,
				67A589BC2412AF6000E6EB86 /* SquirrelList.swift in Sources */,
				67A589B82412798C00E6EB86 /* Squirrel.swift in Sources */,
				67A58988241277DA00E6EB86 /* AppDelegate.swift in Sources */,
				67A589BA24127F0000E6EB86 /* SquirrelItem.swift in Sources */,
				67A5898A241277DA00E6EB86 /* SceneDelegate.swift in Sources */,
				67A5898C241277DA00E6EB86 /* ContentView.swift in Sources */,
			);
			runOnlyForDeploymentPostprocessing = 0;
		};
		67A58996241277DB00E6EB86 /* Sources */ = {
			isa = PBXSourcesBuildPhase;
			buildActionMask = 2147483647;
			files = (
				67A5899F241277DC00E6EB86 /* SwiftUITestTests.swift in Sources */,
			);
			runOnlyForDeploymentPostprocessing = 0;
		};
		67A589A1241277DC00E6EB86 /* Sources */ = {
			isa = PBXSourcesBuildPhase;
			buildActionMask = 2147483647;
			files = (
				67A589AA241277DC00E6EB86 /* SwiftUITestUITests.swift in Sources */,
			);
			runOnlyForDeploymentPostprocessing = 0;
		};
/* End PBXSourcesBuildPhase section */

/* Begin PBXTargetDependency section */
		67A5899C241277DC00E6EB86 /* PBXTargetDependency */ = {
			isa = PBXTargetDependency;
			target = 67A58983241277DA00E6EB86 /* SwiftUITest */;
			targetProxy = 67A5899B241277DC00E6EB86 /* PBXContainerItemProxy */;
		};
		67A589A7241277DC00E6EB86 /* PBXTargetDependency */ = {
			isa = PBXTargetDependency;
			target = 67A58983241277DA00E6EB86 /* SwiftUITest */;
			targetProxy = 67A589A6241277DC00E6EB86 /* PBXContainerItemProxy */;
		};
/* End PBXTargetDependency section */

/* Begin PBXVariantGroup section */
		67A58992241277DB00E6EB86 /* LaunchScreen.storyboard */ = {
			isa = PBXVariantGroup;
			children = (
				67A58993241277DB00E6EB86 /* Base */,
			);
			name = LaunchScreen.storyboard;
			sourceTree = "<group>";
		};
/* End PBXVariantGroup section */

/* Begin XCBuildConfiguration section */
		67A589AC241277DC00E6EB86 /* Debug */ = {
			isa = XCBuildConfiguration;
			buildSettings = {
				ALWAYS_SEARCH_USER_PATHS = NO;
				CLANG_ANALYZER_NONNULL = YES;
				CLANG_ANALYZER_NUMBER_OBJECT_CONVERSION = YES_AGGRESSIVE;
				CLANG_CXX_LANGUAGE_STANDARD = "gnu++14";
				CLANG_CXX_LIBRARY = "libc++";
				CLANG_ENABLE_MODULES = YES;
				CLANG_ENABLE_OBJC_ARC = YES;
				CLANG_ENABLE_OBJC_WEAK = YES;
				CLANG_WARN_BLOCK_CAPTURE_AUTORELEASING = YES;
				CLANG_WARN_BOOL_CONVERSION = YES;
				CLANG_WARN_COMMA = YES;
				CLANG_WARN_CONSTANT_CONVERSION = YES;
				CLANG_WARN_DEPRECATED_OBJC_IMPLEMENTATIONS = YES;
				CLANG_WARN_DIRECT_OBJC_ISA_USAGE = YES_ERROR;
				CLANG_WARN_DOCUMENTATION_COMMENTS = YES;
				CLANG_WARN_EMPTY_BODY = YES;
				CLANG_WARN_ENUM_CONVERSION = YES;
				CLANG_WARN_INFINITE_RECURSION = YES;
				CLANG_WARN_INT_CONVERSION = YES;
				CLANG_WARN_NON_LITERAL_NULL_CONVERSION = YES;
				CLANG_WARN_OBJC_IMPLICIT_RETAIN_SELF = YES;
				CLANG_WARN_OBJC_LITERAL_CONVERSION = YES;
				CLANG_WARN_OBJC_ROOT_CLASS = YES_ERROR;
				CLANG_WARN_RANGE_LOOP_ANALYSIS = YES;
				CLANG_WARN_STRICT_PROTOTYPES = YES;
				CLANG_WARN_SUSPICIOUS_MOVE = YES;
				CLANG_WARN_UNGUARDED_AVAILABILITY = YES_AGGRESSIVE;
				CLANG_WARN_UNREACHABLE_CODE = YES;
				CLANG_WARN__DUPLICATE_METHOD_MATCH = YES;
				COPY_PHASE_STRIP = NO;
				DEBUG_INFORMATION_FORMAT = dwarf;
				ENABLE_STRICT_OBJC_MSGSEND = YES;
				ENABLE_TESTABILITY = YES;
				GCC_C_LANGUAGE_STANDARD = gnu11;
				GCC_DYNAMIC_NO_PIC = NO;
				GCC_NO_COMMON_BLOCKS = YES;
				GCC_OPTIMIZATION_LEVEL = 0;
				GCC_PREPROCESSOR_DEFINITIONS = (
					"DEBUG=1",
					"$(inherited)",
				);
				GCC_WARN_64_TO_32_BIT_CONVERSION = YES;
				GCC_WARN_ABOUT_RETURN_TYPE = YES_ERROR;
				GCC_WARN_UNDECLARED_SELECTOR = YES;
				GCC_WARN_UNINITIALIZED_AUTOS = YES_AGGRESSIVE;
				GCC_WARN_UNUSED_FUNCTION = YES;
				GCC_WARN_UNUSED_VARIABLE = YES;
				IPHONEOS_DEPLOYMENT_TARGET = 13.2;
				MTL_ENABLE_DEBUG_INFO = INCLUDE_SOURCE;
				MTL_FAST_MATH = YES;
				ONLY_ACTIVE_ARCH = YES;
				SDKROOT = iphoneos;
				SWIFT_ACTIVE_COMPILATION_CONDITIONS = DEBUG;
				SWIFT_OPTIMIZATION_LEVEL = "-Onone";
			};
			name = Debug;
		};
		67A589AD241277DC00E6EB86 /* Release */ = {
			isa = XCBuildConfiguration;
			buildSettings = {
				ALWAYS_SEARCH_USER_PATHS = NO;
				CLANG_ANALYZER_NONNULL = YES;
				CLANG_ANALYZER_NUMBER_OBJECT_CONVERSION = YES_AGGRESSIVE;
				CLANG_CXX_LANGUAGE_STANDARD = "gnu++14";
				CLANG_CXX_LIBRARY = "libc++";
				CLANG_ENABLE_MODULES = YES;
				CLANG_ENABLE_OBJC_ARC = YES;
				CLANG_ENABLE_OBJC_WEAK = YES;
				CLANG_WARN_BLOCK_CAPTURE_AUTORELEASING = YES;
				CLANG_WARN_BOOL_CONVERSION = YES;
				CLANG_WARN_COMMA = YES;
				CLANG_WARN_CONSTANT_CONVERSION = YES;
				CLANG_WARN_DEPRECATED_OBJC_IMPLEMENTATIONS = YES;
				CLANG_WARN_DIRECT_OBJC_ISA_USAGE = YES_ERROR;
				CLANG_WARN_DOCUMENTATION_COMMENTS = YES;
				CLANG_WARN_EMPTY_BODY = YES;
				CLANG_WARN_ENUM_CONVERSION = YES;
				CLANG_WARN_INFINITE_RECURSION = YES;
				CLANG_WARN_INT_CONVERSION = YES;
				CLANG_WARN_NON_LITERAL_NULL_CONVERSION = YES;
				CLANG_WARN_OBJC_IMPLICIT_RETAIN_SELF = YES;
				CLANG_WARN_OBJC_LITERAL_CONVERSION = YES;
				CLANG_WARN_OBJC_ROOT_CLASS = YES_ERROR;
				CLANG_WARN_RANGE_LOOP_ANALYSIS = YES;
				CLANG_WARN_STRICT_PROTOTYPES = YES;
				CLANG_WARN_SUSPICIOUS_MOVE = YES;
				CLANG_WARN_UNGUARDED_AVAILABILITY = YES_AGGRESSIVE;
				CLANG_WARN_UNREACHABLE_CODE = YES;
				CLANG_WARN__DUPLICATE_METHOD_MATCH = YES;
				COPY_PHASE_STRIP = NO;
				DEBUG_INFORMATION_FORMAT = "dwarf-with-dsym";
				ENABLE_NS_ASSERTIONS = NO;
				ENABLE_STRICT_OBJC_MSGSEND = YES;
				GCC_C_LANGUAGE_STANDARD = gnu11;
				GCC_NO_COMMON_BLOCKS = YES;
				GCC_WARN_64_TO_32_BIT_CONVERSION = YES;
				GCC_WARN_ABOUT_RETURN_TYPE = YES_ERROR;
				GCC_WARN_UNDECLARED_SELECTOR = YES;
				GCC_WARN_UNINITIALIZED_AUTOS = YES_AGGRESSIVE;
				GCC_WARN_UNUSED_FUNCTION = YES;
				GCC_WARN_UNUSED_VARIABLE = YES;
				IPHONEOS_DEPLOYMENT_TARGET = 13.2;
				MTL_ENABLE_DEBUG_INFO = NO;
				MTL_FAST_MATH = YES;
				SDKROOT = iphoneos;
				SWIFT_COMPILATION_MODE = wholemodule;
				SWIFT_OPTIMIZATION_LEVEL = "-O";
				VALIDATE_PRODUCT = YES;
			};
			name = Release;
		};
		67A589AF241277DC00E6EB86 /* Debug */ = {
			isa = XCBuildConfiguration;
			buildSettings = {
				ASSETCATALOG_COMPILER_APPICON_NAME = AppIcon;
				CODE_SIGN_STYLE = Automatic;
				DEVELOPMENT_ASSET_PATHS = "\"SwiftUITest/Preview Content\"";
				DEVELOPMENT_TEAM = 37MFDT4LMQ;
				ENABLE_PREVIEWS = YES;
				INFOPLIST_FILE = SwiftUITest/Info.plist;
				LD_RUNPATH_SEARCH_PATHS = (
					"$(inherited)",
					"@executable_path/Frameworks",
				);
				PRODUCT_BUNDLE_IDENTIFIER = com.fukase.SwiftUITest;
				PRODUCT_NAME = "$(TARGET_NAME)";
				SWIFT_VERSION = 5.0;
				TARGETED_DEVICE_FAMILY = "1,2";
			};
			name = Debug;
		};
		67A589B0241277DC00E6EB86 /* Release */ = {
			isa = XCBuildConfiguration;
			buildSettings = {
				ASSETCATALOG_COMPILER_APPICON_NAME = AppIcon;
				CODE_SIGN_STYLE = Automatic;
				DEVELOPMENT_ASSET_PATHS = "\"SwiftUITest/Preview Content\"";
				DEVELOPMENT_TEAM = 37MFDT4LMQ;
				ENABLE_PREVIEWS = YES;
				INFOPLIST_FILE = SwiftUITest/Info.plist;
				LD_RUNPATH_SEARCH_PATHS = (
					"$(inherited)",
					"@executable_path/Frameworks",
				);
				PRODUCT_BUNDLE_IDENTIFIER = com.fukase.SwiftUITest;
				PRODUCT_NAME = "$(TARGET_NAME)";
				SWIFT_VERSION = 5.0;
				TARGETED_DEVICE_FAMILY = "1,2";
			};
			name = Release;
		};
		67A589B2241277DC00E6EB86 /* Debug */ = {
			isa = XCBuildConfiguration;
			buildSettings = {
				ALWAYS_EMBED_SWIFT_STANDARD_LIBRARIES = YES;
				BUNDLE_LOADER = "$(TEST_HOST)";
				CODE_SIGN_STYLE = Automatic;
				DEVELOPMENT_TEAM = 37MFDT4LMQ;
				INFOPLIST_FILE = SwiftUITestTests/Info.plist;
				IPHONEOS_DEPLOYMENT_TARGET = 13.2;
				LD_RUNPATH_SEARCH_PATHS = (
					"$(inherited)",
					"@executable_path/Frameworks",
					"@loader_path/Frameworks",
				);
				PRODUCT_BUNDLE_IDENTIFIER = com.fukase.SwiftUITestTests;
				PRODUCT_NAME = "$(TARGET_NAME)";
				SWIFT_VERSION = 5.0;
				TARGETED_DEVICE_FAMILY = "1,2";
				TEST_HOST = "$(BUILT_PRODUCTS_DIR)/SwiftUITest.app/SwiftUITest";
			};
			name = Debug;
		};
		67A589B3241277DC00E6EB86 /* Release */ = {
			isa = XCBuildConfiguration;
			buildSettings = {
				ALWAYS_EMBED_SWIFT_STANDARD_LIBRARIES = YES;
				BUNDLE_LOADER = "$(TEST_HOST)";
				CODE_SIGN_STYLE = Automatic;
				DEVELOPMENT_TEAM = 37MFDT4LMQ;
				INFOPLIST_FILE = SwiftUITestTests/Info.plist;
				IPHONEOS_DEPLOYMENT_TARGET = 13.2;
				LD_RUNPATH_SEARCH_PATHS = (
					"$(inherited)",
					"@executable_path/Frameworks",
					"@loader_path/Frameworks",
				);
				PRODUCT_BUNDLE_IDENTIFIER = com.fukase.SwiftUITestTests;
				PRODUCT_NAME = "$(TARGET_NAME)";
				SWIFT_VERSION = 5.0;
				TARGETED_DEVICE_FAMILY = "1,2";
				TEST_HOST = "$(BUILT_PRODUCTS_DIR)/SwiftUITest.app/SwiftUITest";
			};
			name = Release;
		};
		67A589B5241277DC00E6EB86 /* Debug */ = {
			isa = XCBuildConfiguration;
			buildSettings = {
				ALWAYS_EMBED_SWIFT_STANDARD_LIBRARIES = YES;
				CODE_SIGN_STYLE = Automatic;
				DEVELOPMENT_TEAM = 37MFDT4LMQ;
				INFOPLIST_FILE = SwiftUITestUITests/Info.plist;
				LD_RUNPATH_SEARCH_PATHS = (
					"$(inherited)",
					"@executable_path/Frameworks",
					"@loader_path/Frameworks",
				);
				PRODUCT_BUNDLE_IDENTIFIER = com.fukase.SwiftUITestUITests;
				PRODUCT_NAME = "$(TARGET_NAME)";
				SWIFT_VERSION = 5.0;
				TARGETED_DEVICE_FAMILY = "1,2";
				TEST_TARGET_NAME = SwiftUITest;
			};
			name = Debug;
		};
		67A589B6241277DC00E6EB86 /* Release */ = {
			isa = XCBuildConfiguration;
			buildSettings = {
				ALWAYS_EMBED_SWIFT_STANDARD_LIBRARIES = YES;
				CODE_SIGN_STYLE = Automatic;
				DEVELOPMENT_TEAM = 37MFDT4LMQ;
				INFOPLIST_FILE = SwiftUITestUITests/Info.plist;
				LD_RUNPATH_SEARCH_PATHS = (
					"$(inherited)",
					"@executable_path/Frameworks",
					"@loader_path/Frameworks",
				);
				PRODUCT_BUNDLE_IDENTIFIER = com.fukase.SwiftUITestUITests;
				PRODUCT_NAME = "$(TARGET_NAME)";
				SWIFT_VERSION = 5.0;
				TARGETED_DEVICE_FAMILY = "1,2";
				TEST_TARGET_NAME = SwiftUITest;
			};
			name = Release;
		};
/* End XCBuildConfiguration section */

/* Begin XCConfigurationList section */
		67A5897F241277DA00E6EB86 /* Build configuration list for PBXProject "SwiftUITest" */ = {
			isa = XCConfigurationList;
			buildConfigurations = (
				67A589AC241277DC00E6EB86 /* Debug */,
				67A589AD241277DC00E6EB86 /* Release */,
			);
			defaultConfigurationIsVisible = 0;
			defaultConfigurationName = Release;
		};
		67A589AE241277DC00E6EB86 /* Build configuration list for PBXNativeTarget "SwiftUITest" */ = {
			isa = XCConfigurationList;
			buildConfigurations = (
				67A589AF241277DC00E6EB86 /* Debug */,
				67A589B0241277DC00E6EB86 /* Release */,
			);
			defaultConfigurationIsVisible = 0;
			defaultConfigurationName = Release;
		};
		67A589B1241277DC00E6EB86 /* Build configuration list for PBXNativeTarget "SwiftUITestTests" */ = {
			isa = XCConfigurationList;
			buildConfigurations = (
				67A589B2241277DC00E6EB86 /* Debug */,
				67A589B3241277DC00E6EB86 /* Release */,
			);
			defaultConfigurationIsVisible = 0;
			defaultConfigurationName = Release;
		};
		67A589B4241277DC00E6EB86 /* Build configuration list for PBXNativeTarget "SwiftUITestUITests" */ = {
			isa = XCConfigurationList;
			buildConfigurations = (
				67A589B5241277DC00E6EB86 /* Debug */,
				67A589B6241277DC00E6EB86 /* Release */,
			);
			defaultConfigurationIsVisible = 0;
			defaultConfigurationName = Release;
		};
/* End XCConfigurationList section */
	};
	rootObject = 67A5897C241277DA00E6EB86 /* Project object */;
}
